
Microsoft Visual Studio Solution File, Format Version 12.00
# Visual Studio Version 16
VisualStudioVersion = 16.0.29728.190
MinimumVisualStudioVersion = 10.0.40219.1
Project("{FAE04EC0-301F-11D3-BF4B-00C04F79EFBC}") = "DockerApp1", "DockerApp1\DockerApp1.csproj", "{6172AE30-8418-4DCA-AE5C-E29074A7808C}"
EndProject
Global
	GlobalSection(SolutionConfigurationPlatforms) = preSolution
		Debug|Any CPU = Debug|Any CPU
		Release|Any CPU = Release|Any CPU
	EndGlobalSection
	GlobalSection(ProjectConfigurationPlatforms) = postSolution
		{6172AE30-8418-4DCA-AE5C-E29074A7808C}.Debug|Any CPU.ActiveCfg = Debug|Any CPU
		{6172AE30-8418-4DCA-AE5C-E29074A7808C}.Debug|Any CPU.Build.0 = Debug|Any CPU
		{6172AE30-8418-4DCA-AE5C-E29074A7808C}.Release|Any CPU.ActiveCfg = Release|Any CPU
		{6172AE30-8418-4DCA-AE5C-E29074A7808C}.Release|Any CPU.Build.0 = Release|Any CPU
	EndGlobalSection
	GlobalSection(SolutionProperties) = preSolution
		HideSolutionNode = FALSE
	EndGlobalSection
	GlobalSection(ExtensibilityGlobals) = postSolution
		SolutionGuid = {A6771F3A-0F85-4EE4-A8B5-C9F15907C26D}
	EndGlobalSection
EndGlobal
