
Microsoft Visual Studio Solution File, Format Version 12.00
# Visual Studio Version 16
VisualStudioVersion = 16.0.29728.190
MinimumVisualStudioVersion = 10.0.40219.1
Project("{9A19103F-16F7-4668-BE54-9A1E7A4F7556}") = "ItemService", "ItemService\ItemService.csproj", "{A76625B3-D659-4B40-B278-427B92DDFCF6}"
EndProject
Project("{9A19103F-16F7-4668-BE54-9A1E7A4F7556}") = "OrderService", "OrderService\OrderService.csproj", "{7EC50228-B00C-4CEB-9D83-1C3B7BAF91F6}"
EndProject
Project("{9A19103F-16F7-4668-BE54-9A1E7A4F7556}") = "Gateway", "Gateway\Gateway.csproj", "{0C39ACA5-2D63-431D-8B97-72221772379D}"
EndProject
Project("{FAE04EC0-301F-11D3-BF4B-00C04F79EFBC}") = "TestProject", "TestProject\TestProject.csproj", "{34B9A0EC-5B97-4306-9CD5-D2B9F02DAEC9}"
EndProject
Global
	GlobalSection(SolutionConfigurationPlatforms) = preSolution
		Debug|Any CPU = Debug|Any CPU
		Release|Any CPU = Release|Any CPU
	EndGlobalSection
	GlobalSection(ProjectConfigurationPlatforms) = postSolution
		{A76625B3-D659-4B40-B278-427B92DDFCF6}.Debug|Any CPU.ActiveCfg = Debug|Any CPU
		{A76625B3-D659-4B40-B278-427B92DDFCF6}.Debug|Any CPU.Build.0 = Debug|Any CPU
		{A76625B3-D659-4B40-B278-427B92DDFCF6}.Release|Any CPU.ActiveCfg = Release|Any CPU
		{A76625B3-D659-4B40-B278-427B92DDFCF6}.Release|Any CPU.Build.0 = Release|Any CPU
		{7EC50228-B00C-4CEB-9D83-1C3B7BAF91F6}.Debug|Any CPU.ActiveCfg = Debug|Any CPU
		{7EC50228-B00C-4CEB-9D83-1C3B7BAF91F6}.Debug|Any CPU.Build.0 = Debug|Any CPU
		{7EC50228-B00C-4CEB-9D83-1C3B7BAF91F6}.Release|Any CPU.ActiveCfg = Release|Any CPU
		{7EC50228-B00C-4CEB-9D83-1C3B7BAF91F6}.Release|Any CPU.Build.0 = Release|Any CPU
		{0C39ACA5-2D63-431D-8B97-72221772379D}.Debug|Any CPU.ActiveCfg = Debug|Any CPU
		{0C39ACA5-2D63-431D-8B97-72221772379D}.Debug|Any CPU.Build.0 = Debug|Any CPU
		{0C39ACA5-2D63-431D-8B97-72221772379D}.Release|Any CPU.ActiveCfg = Release|Any CPU
		{0C39ACA5-2D63-431D-8B97-72221772379D}.Release|Any CPU.Build.0 = Release|Any CPU
		{34B9A0EC-5B97-4306-9CD5-D2B9F02DAEC9}.Debug|Any CPU.ActiveCfg = Debug|Any CPU
		{34B9A0EC-5B97-4306-9CD5-D2B9F02DAEC9}.Debug|Any CPU.Build.0 = Debug|Any CPU
		{34B9A0EC-5B97-4306-9CD5-D2B9F02DAEC9}.Release|Any CPU.ActiveCfg = Release|Any CPU
		{34B9A0EC-5B97-4306-9CD5-D2B9F02DAEC9}.Release|Any CPU.Build.0 = Release|Any CPU
	EndGlobalSection
	GlobalSection(SolutionProperties) = preSolution
		HideSolutionNode = FALSE
	EndGlobalSection
	GlobalSection(ExtensibilityGlobals) = postSolution
		SolutionGuid = {44D85E83-4FA2-4027-A1E0-433F329B735E}
	EndGlobalSection
EndGlobal
